
Microsoft Visual Studio Solution File, Format Version 12.00
# Visual Studio Version 17
VisualStudioVersion = 17.9.34728.123
MinimumVisualStudioVersion = 10.0.40219.1
Project("{9A19103F-16F7-4668-BE54-9A1E7A4F7556}") = "Tasks", "Tasks.csproj", "{BB1997CA-7460-4A16-85A8-879E521560F7}"
EndProject
Global
	GlobalSection(SolutionConfigurationPlatforms) = preSolution
		Debug|Any CPU = Debug|Any CPU
		Release|Any CPU = Release|Any CPU
	EndGlobalSection
	GlobalSection(ProjectConfigurationPlatforms) = postSolution
		{BB1997CA-7460-4A16-85A8-879E521560F7}.Debug|Any CPU.ActiveCfg = Debug|Any CPU
		{BB1997CA-7460-4A16-85A8-879E521560F7}.Debug|Any CPU.Build.0 = Debug|Any CPU
		{BB1997CA-7460-4A16-85A8-879E521560F7}.Release|Any CPU.ActiveCfg = Release|Any CPU
		{BB1997CA-7460-4A16-85A8-879E521560F7}.Release|Any CPU.Build.0 = Release|Any CPU
	EndGlobalSection
	GlobalSection(SolutionProperties) = preSolution
		HideSolutionNode = FALSE
	EndGlobalSection
	GlobalSection(ExtensibilityGlobals) = postSolution
		SolutionGuid = {5FC77817-D029-4B5C-ACDA-518907DA92F2}
	EndGlobalSection
EndGlobal
